Microsoft Visual Studio Solution File, Format Version 12.00
# Visual Studio Version 17
VisualStudioVersion = 17.5.2.0
MinimumVisualStudioVersion = 10.0.40219.1
Project("{FAE04EC0-301F-11D3-BF4B-00C04F79EFBC}") = "Sistema-ListaTarefas", "Sistema-ListaTarefas.csproj", "{F97F08F3-C1F5-6AD8-100E-6030FE1E8DDA}"
EndProject
Global
	GlobalSection(SolutionConfigurationPlatforms) = preSolution
		Debug|Any CPU = Debug|Any CPU
		Release|Any CPU = Release|Any CPU
	EndGlobalSection
	GlobalSection(ProjectConfigurationPlatforms) = postSolution
		{F97F08F3-C1F5-6AD8-100E-6030FE1E8DDA}.Debug|Any CPU.ActiveCfg = Debug|Any CPU
		{F97F08F3-C1F5-6AD8-100E-6030FE1E8DDA}.Debug|Any CPU.Build.0 = Debug|Any CPU
		{F97F08F3-C1F5-6AD8-100E-6030FE1E8DDA}.Release|Any CPU.ActiveCfg = Release|Any CPU
		{F97F08F3-C1F5-6AD8-100E-6030FE1E8DDA}.Release|Any CPU.Build.0 = Release|Any CPU
	EndGlobalSection
	GlobalSection(SolutionProperties) = preSolution
		HideSolutionNode = FALSE
	EndGlobalSection
	GlobalSection(ExtensibilityGlobals) = postSolution
		SolutionGuid = {10AC832D-2E46-4802-8A95-1E8B11A30669}
	EndGlobalSection
EndGlobal
